PODS:
  - connectivity_plus (0.0.1):
    - Flutter
    - ReachabilitySwift
  - Flutter (1.0.0)
  - FMDB (2.7.5):
    - FMDB/standard (= 2.7.5)
  - FMDB/standard (2.7.5)
<<<<<<< Updated upstream
=======
  - in_app_purchase_storekit (0.0.1):
    - Flutter
    - FlutterMacOS
>>>>>>> Stashed changes
  - in_app_review (0.2.0):
    - Flutter
  - path_provider_foundation (0.0.1):
    - Flutter
    - FlutterMacOS
  - ReachabilitySwift (5.0.0)
  - share_plus (0.0.1):
    - Flutter
  - sqflite (0.0.3):
    - Flutter
    - FMDB (>= 2.7.5)
  - url_launcher_ios (0.0.1):
    - Flutter

DEPENDENCIES:
  - connectivity_plus (from `.symlinks/plugins/connectivity_plus/ios`)
  - Flutter (from `Flutter`)
<<<<<<< Updated upstream
=======
  - in_app_purchase_storekit (from `.symlinks/plugins/in_app_purchase_storekit/darwin`)
>>>>>>> Stashed changes
  - in_app_review (from `.symlinks/plugins/in_app_review/ios`)
  - path_provider_foundation (from `.symlinks/plugins/path_provider_foundation/darwin`)
  - share_plus (from `.symlinks/plugins/share_plus/ios`)
  - sqflite (from `.symlinks/plugins/sqflite/ios`)
  - url_launcher_ios (from `.symlinks/plugins/url_launcher_ios/ios`)

SPEC REPOS:
  trunk:
    - FMDB
    - ReachabilitySwift

EXTERNAL SOURCES:
  connectivity_plus:
    :path: ".symlinks/plugins/connectivity_plus/ios"
  Flutter:
    :path: Flutter
<<<<<<< Updated upstream
=======
  in_app_purchase_storekit:
    :path: ".symlinks/plugins/in_app_purchase_storekit/darwin"
>>>>>>> Stashed changes
  in_app_review:
    :path: ".symlinks/plugins/in_app_review/ios"
  path_provider_foundation:
    :path: ".symlinks/plugins/path_provider_foundation/darwin"
  share_plus:
    :path: ".symlinks/plugins/share_plus/ios"
  sqflite:
    :path: ".symlinks/plugins/sqflite/ios"
  url_launcher_ios:
    :path: ".symlinks/plugins/url_launcher_ios/ios"

SPEC CHECKSUMS:
  connectivity_plus: 53efb943fc2882c8512d84c45707bcabc4c36076
  Flutter: f04841e97a9d0b0a8025694d0796dd46242b2854
  FMDB: 2ce00b547f966261cd18927a3ddb07cb6f3db82a
<<<<<<< Updated upstream
  in_app_review: 318597b3a06c22bb46dc454d56828c85f444f99d
  path_provider_foundation: 29f094ae23ebbca9d3d0cec13889cd9060c0e943
=======
  in_app_purchase_storekit: 9e9931234f0adcf71ae323f8c83785b96030edf1
  in_app_review: 318597b3a06c22bb46dc454d56828c85f444f99d
  path_provider_foundation: 3784922295ac71e43754bd15e0653ccfd36a147c
>>>>>>> Stashed changes
  ReachabilitySwift: 985039c6f7b23a1da463388634119492ff86c825
  share_plus: c3fef564749587fc939ef86ffb283ceac0baf9f5
  sqflite: 31f7eba61e3074736dff8807a9b41581e4f7f15a
  url_launcher_ios: bbd758c6e7f9fd7b5b1d4cde34d2b95fcce5e812

PODFILE CHECKSUM: 70d9d25280d0dd177a5f637cdb0f0b0b12c6a189

COCOAPODS: 1.14.3
